
Microsoft Visual Studio Solution File, Format Version 12.00
# Visual Studio Version 17
VisualStudioVersion = 17.7.34031.279
MinimumVisualStudioVersion = 10.0.40219.1
Project("{9A19103F-16F7-4668-BE54-9A1E7A4F7556}") = "Com.GleekFramework.ConfigSdk", "Com.GleekFramework.ConfigSdk\Com.GleekFramework.ConfigSdk.csproj", "{C868290E-2A68-44DA-935D-FD8E0CCEA05A}"
EndProject
Project("{2150E333-8FDC-42A3-9474-1A3956D46DE8}") = "com.gleekframework", "com.gleekframework", "{9EF98734-69A5-4656-9D31-D08006427CC9}"
EndProject
Project("{9A19103F-16F7-4668-BE54-9A1E7A4F7556}") = "Com.GleekFramework.NacosSdk", "Com.GleekFramework.NacosSdk\Com.GleekFramework.NacosSdk.csproj", "{AC3E3A92-1FFC-4DCD-8D85-38BACAECEA49}"
EndProject
Project("{9A19103F-16F7-4668-BE54-9A1E7A4F7556}") = "Com.GleekFramework.DapperSdk", "Com.GleekFramework.DapperSdk\Com.GleekFramework.DapperSdk.csproj", "{8580D245-10BA-4A16-8A76-8E19FD3B5402}"
EndProject
Project("{9A19103F-16F7-4668-BE54-9A1E7A4F7556}") = "Com.GleekFramework.GrpcSdk", "Com.GleekFramework.GrpcSdk\Com.GleekFramework.GrpcSdk.csproj", "{34CE84DF-1331-445B-AF62-1CECDE87D688}"
EndProject
Project("{9A19103F-16F7-4668-BE54-9A1E7A4F7556}") = "Com.GleekFramework.KafkaSdk", "Com.GleekFramework.KafkaSdk\Com.GleekFramework.KafkaSdk.csproj", "{669B5511-FB4A-4075-A3A5-179D9D689840}"
EndProject
Project("{9A19103F-16F7-4668-BE54-9A1E7A4F7556}") = "Com.GleekFramework.AutofacSdk", "Com.GleekFramework.AutofacSdk\Com.GleekFramework.AutofacSdk.csproj", "{2AEFCB64-99EC-42CB-9C5D-4AF00F28E6BC}"
EndProject
Project("{9A19103F-16F7-4668-BE54-9A1E7A4F7556}") = "Com.GleekFramework.ElasticsearchSdk", "Com.GleekFramework.ElasticsearchSdk\Com.GleekFramework.ElasticsearchSdk.csproj", "{79920B6A-B4F5-4B6B-9887-FF43818476C3}"
EndProject
Project("{9A19103F-16F7-4668-BE54-9A1E7A4F7556}") = "Com.GleekFramework.ContractSdk", "Com.GleekFramework.ContractSdk\Com.GleekFramework.ContractSdk.csproj", "{094CB36A-64F6-43D9-8D6E-CEC6B8817038}"
EndProject
Project("{9A19103F-16F7-4668-BE54-9A1E7A4F7556}") = "Com.GleekFramework.HttpSdk", "Com.GleekFramework.HttpSdk\Com.GleekFramework.HttpSdk.csproj", "{6976B3F8-2CD8-4D2F-B530-74E4C8AB4580}"
EndProject
Project("{9A19103F-16F7-4668-BE54-9A1E7A4F7556}") = "Com.GleekFramework.MongodbSdk", "Com.GleekFramework.MongodbSdk\Com.GleekFramework.MongodbSdk.csproj", "{2D3763D0-0777-47C6-BCCD-8043571EE987}"
EndProject
Project("{9A19103F-16F7-4668-BE54-9A1E7A4F7556}") = "Com.GleekFramework.MqttSdk", "Com.GleekFramework.MqttSdk\Com.GleekFramework.MqttSdk.csproj", "{A3DE0945-74C7-4736-9384-55A7B2CD16CB}"
EndProject
Project("{9A19103F-16F7-4668-BE54-9A1E7A4F7556}") = "Com.GleekFramework.NLogSdk", "Com.GleekFramework.NLogSdk\Com.GleekFramework.NLogSdk.csproj", "{1686BB17-F4DC-47A1-BD9C-27D5535256A5}"
EndProject
Project("{9A19103F-16F7-4668-BE54-9A1E7A4F7556}") = "Com.GleekFramework.MigrationSdk", "Com.GleekFramework.MigrationSdk\Com.GleekFramework.MigrationSdk.csproj", "{8B8F88AB-6D6B-4597-BF5D-E34070CCF6A0}"
EndProject
Project("{9A19103F-16F7-4668-BE54-9A1E7A4F7556}") = "Com.GleekFramework.RedisSdk", "Com.GleekFramework.RedisSdk\Com.GleekFramework.RedisSdk.csproj", "{21954EE0-5A4C-42A9-9FC5-7FF04FC336BF}"
EndProject
Project("{9A19103F-16F7-4668-BE54-9A1E7A4F7556}") = "Com.GleekFramework.RocketMQSdk", "Com.GleekFramework.RocketMQSdk\Com.GleekFramework.RocketMQSdk.csproj", "{0A33C00F-D316-4E62-9A98-FBD87944993D}"
EndProject
Project("{9A19103F-16F7-4668-BE54-9A1E7A4F7556}") = "Com.GleekFramework.SwaggerSdk", "Com.GleekFramework.SwaggerSdk\Com.GleekFramework.SwaggerSdk.csproj", "{239BF125-C9DF-4201-98F3-CBEB89A844E3}"
EndProject
Project("{9A19103F-16F7-4668-BE54-9A1E7A4F7556}") = "Com.GleekFramework.SecuritySdk", "Com.GleekFramework.SecuritySdk\Com.GleekFramework.SecuritySdk.csproj", "{30CE81EB-4515-42E0-9B21-EBF3E874136A}"
EndProject
Project("{9A19103F-16F7-4668-BE54-9A1E7A4F7556}") = "Com.GleekFramework.RabbitMQSdk", "Com.GleekFramework.RabbitMQSdk\Com.GleekFramework.RabbitMQSdk.csproj", "{8933610B-750C-49E2-9158-039DF14029F8}"
EndProject
Project("{9A19103F-16F7-4668-BE54-9A1E7A4F7556}") = "Com.GleekFramework.AuthorizeSdk", "Com.GleekFramework.AuthorizeSdk\Com.GleekFramework.AuthorizeSdk.csproj", "{611E4202-4377-4004-9B7A-9338440A1C7A}"
EndProject
Project("{9A19103F-16F7-4668-BE54-9A1E7A4F7556}") = "Com.GleekFramework.OpenSdk", "Com.GleekFramework.OpenSdk\Com.GleekFramework.OpenSdk.csproj", "{7FFEBB0E-8AAA-4B96-BAA6-DF9A061AC6CA}"
EndProject
Project("{9A19103F-16F7-4668-BE54-9A1E7A4F7556}") = "Com.GleekFramework.AssemblySdk", "Com.GleekFramework.AssemblySdk\Com.GleekFramework.AssemblySdk.csproj", "{BE1582AC-49B5-407E-924C-E614AE95743C}"
EndProject
Project("{9A19103F-16F7-4668-BE54-9A1E7A4F7556}") = "Com.GleekFramework.QueueSdk", "Com.GleekFramework.QueueSdk\Com.GleekFramework.QueueSdk.csproj", "{FBD0D240-2BEC-4AA9-80C2-547D46E244F4}"
EndProject
Project("{9A19103F-16F7-4668-BE54-9A1E7A4F7556}") = "Com.GleekFramework.CommonSdk", "Com.GleekFramework.CommonSdk\Com.GleekFramework.CommonSdk.csproj", "{AF118F9A-732F-4069-8A33-8DE8863BA06D}"
EndProject
Project("{9A19103F-16F7-4668-BE54-9A1E7A4F7556}") = "Com.GleekFramework.ObjectSdk", "Com.GleekFramework.ObjectSdk\Com.GleekFramework.ObjectSdk.csproj", "{675121B6-BB22-4117-AAE8-5406A8B88FF5}"
EndProject
Project("{9A19103F-16F7-4668-BE54-9A1E7A4F7556}") = "Com.GleekFramework.ConsumerSdk", "Com.GleekFramework.ConsumerSdk\Com.GleekFramework.ConsumerSdk.csproj", "{5FED9919-57A8-45C8-883C-1635AF3674AB}"
EndProject
Project("{9A19103F-16F7-4668-BE54-9A1E7A4F7556}") = "Com.GleekFramework.AttributeSdk", "Com.GleekFramework.AttributeSdk\Com.GleekFramework.AttributeSdk.csproj", "{1E86AC2A-5B4F-44AC-B17E-CEC58094FBA2}"
EndProject
Project("{2150E333-8FDC-42A3-9474-1A3956D46DE8}") = "com.gleekframework.units", "com.gleekframework.units", "{114E1EE6-FCC3-42F0-AE1F-9A5115904135}"
EndProject
Project("{9A19103F-16F7-4668-BE54-9A1E7A4F7556}") = "Com.GleekFramework.Models", "Com.GleekFramework.Models\Com.GleekFramework.Models.csproj", "{0E372A8B-0AAF-48AC-AA84-3304553009DB}"
EndProject
Project("{9A19103F-16F7-4668-BE54-9A1E7A4F7556}") = "Com.GleekFramework.ConsumerSvc", "Com.GleekFramework.ConsumerSvc\Com.GleekFramework.ConsumerSvc.csproj", "{434624A4-FF83-4ACC-9085-DA46BB4C0F44}"
EndProject
Project("{9A19103F-16F7-4668-BE54-9A1E7A4F7556}") = "Com.GleekFramework.AppSvc", "Com.GleekFramework.AppSvc\Com.GleekFramework.AppSvc.csproj", "{E186947D-A54E-4AD3-8026-E8E1354B0B3E}"
EndProject
Global
	GlobalSection(SolutionConfigurationPlatforms) = preSolution
		Debug|Any CPU = Debug|Any CPU
		Release|Any CPU = Release|Any CPU
	EndGlobalSection
	GlobalSection(ProjectConfigurationPlatforms) = postSolution
		{C868290E-2A68-44DA-935D-FD8E0CCEA05A}.Debug|Any CPU.ActiveCfg = Debug|Any CPU
		{C868290E-2A68-44DA-935D-FD8E0CCEA05A}.Debug|Any CPU.Build.0 = Debug|Any CPU
		{C868290E-2A68-44DA-935D-FD8E0CCEA05A}.Release|Any CPU.ActiveCfg = Release|Any CPU
		{C868290E-2A68-44DA-935D-FD8E0CCEA05A}.Release|Any CPU.Build.0 = Release|Any CPU
		{AC3E3A92-1FFC-4DCD-8D85-38BACAECEA49}.Debug|Any CPU.ActiveCfg = Debug|Any CPU
		{AC3E3A92-1FFC-4DCD-8D85-38BACAECEA49}.Debug|Any CPU.Build.0 = Debug|Any CPU
		{AC3E3A92-1FFC-4DCD-8D85-38BACAECEA49}.Release|Any CPU.ActiveCfg = Release|Any CPU
		{AC3E3A92-1FFC-4DCD-8D85-38BACAECEA49}.Release|Any CPU.Build.0 = Release|Any CPU
		{8580D245-10BA-4A16-8A76-8E19FD3B5402}.Debug|Any CPU.ActiveCfg = Debug|Any CPU
		{8580D245-10BA-4A16-8A76-8E19FD3B5402}.Debug|Any CPU.Build.0 = Debug|Any CPU
		{8580D245-10BA-4A16-8A76-8E19FD3B5402}.Release|Any CPU.ActiveCfg = Release|Any CPU
		{8580D245-10BA-4A16-8A76-8E19FD3B5402}.Release|Any CPU.Build.0 = Release|Any CPU
		{34CE84DF-1331-445B-AF62-1CECDE87D688}.Debug|Any CPU.ActiveCfg = Debug|Any CPU
		{34CE84DF-1331-445B-AF62-1CECDE87D688}.Debug|Any CPU.Build.0 = Debug|Any CPU
		{34CE84DF-1331-445B-AF62-1CECDE87D688}.Release|Any CPU.ActiveCfg = Release|Any CPU
		{34CE84DF-1331-445B-AF62-1CECDE87D688}.Release|Any CPU.Build.0 = Release|Any CPU
		{669B5511-FB4A-4075-A3A5-179D9D689840}.Debug|Any CPU.ActiveCfg = Debug|Any CPU
		{669B5511-FB4A-4075-A3A5-179D9D689840}.Debug|Any CPU.Build.0 = Debug|Any CPU
		{669B5511-FB4A-4075-A3A5-179D9D689840}.Release|Any CPU.ActiveCfg = Release|Any CPU
		{669B5511-FB4A-4075-A3A5-179D9D689840}.Release|Any CPU.Build.0 = Release|Any CPU
		{2AEFCB64-99EC-42CB-9C5D-4AF00F28E6BC}.Debug|Any CPU.ActiveCfg = Debug|Any CPU
		{2AEFCB64-99EC-42CB-9C5D-4AF00F28E6BC}.Debug|Any CPU.Build.0 = Debug|Any CPU
		{2AEFCB64-99EC-42CB-9C5D-4AF00F28E6BC}.Release|Any CPU.ActiveCfg = Release|Any CPU
		{2AEFCB64-99EC-42CB-9C5D-4AF00F28E6BC}.Release|Any CPU.Build.0 = Release|Any CPU
		{79920B6A-B4F5-4B6B-9887-FF43818476C3}.Debug|Any CPU.ActiveCfg = Debug|Any CPU
		{79920B6A-B4F5-4B6B-9887-FF43818476C3}.Debug|Any CPU.Build.0 = Debug|Any CPU
		{79920B6A-B4F5-4B6B-9887-FF43818476C3}.Release|Any CPU.ActiveCfg = Release|Any CPU
		{79920B6A-B4F5-4B6B-9887-FF43818476C3}.Release|Any CPU.Build.0 = Release|Any CPU
		{094CB36A-64F6-43D9-8D6E-CEC6B8817038}.Debug|Any CPU.ActiveCfg = Debug|Any CPU
		{094CB36A-64F6-43D9-8D6E-CEC6B8817038}.Debug|Any CPU.Build.0 = Debug|Any CPU
		{094CB36A-64F6-43D9-8D6E-CEC6B8817038}.Release|Any CPU.ActiveCfg = Release|Any CPU
		{094CB36A-64F6-43D9-8D6E-CEC6B8817038}.Release|Any CPU.Build.0 = Release|Any CPU
		{6976B3F8-2CD8-4D2F-B530-74E4C8AB4580}.Debug|Any CPU.ActiveCfg = Debug|Any CPU
		{6976B3F8-2CD8-4D2F-B530-74E4C8AB4580}.Debug|Any CPU.Build.0 = Debug|Any CPU
		{6976B3F8-2CD8-4D2F-B530-74E4C8AB4580}.Release|Any CPU.ActiveCfg = Release|Any CPU
		{6976B3F8-2CD8-4D2F-B530-74E4C8AB4580}.Release|Any CPU.Build.0 = Release|Any CPU
		{2D3763D0-0777-47C6-BCCD-8043571EE987}.Debug|Any CPU.ActiveCfg = Debug|Any CPU
		{2D3763D0-0777-47C6-BCCD-8043571EE987}.Debug|Any CPU.Build.0 = Debug|Any CPU
		{2D3763D0-0777-47C6-BCCD-8043571EE987}.Release|Any CPU.ActiveCfg = Release|Any CPU
		{2D3763D0-0777-47C6-BCCD-8043571EE987}.Release|Any CPU.Build.0 = Release|Any CPU
		{A3DE0945-74C7-4736-9384-55A7B2CD16CB}.Debug|Any CPU.ActiveCfg = Debug|Any CPU
		{A3DE0945-74C7-4736-9384-55A7B2CD16CB}.Debug|Any CPU.Build.0 = Debug|Any CPU
		{A3DE0945-74C7-4736-9384-55A7B2CD16CB}.Release|Any CPU.ActiveCfg = Release|Any CPU
		{A3DE0945-74C7-4736-9384-55A7B2CD16CB}.Release|Any CPU.Build.0 = Release|Any CPU
		{1686BB17-F4DC-47A1-BD9C-27D5535256A5}.Debug|Any CPU.ActiveCfg = Debug|Any CPU
		{1686BB17-F4DC-47A1-BD9C-27D5535256A5}.Debug|Any CPU.Build.0 = Debug|Any CPU
		{1686BB17-F4DC-47A1-BD9C-27D5535256A5}.Release|Any CPU.ActiveCfg = Release|Any CPU
		{1686BB17-F4DC-47A1-BD9C-27D5535256A5}.Release|Any CPU.Build.0 = Release|Any CPU
		{8B8F88AB-6D6B-4597-BF5D-E34070CCF6A0}.Debug|Any CPU.ActiveCfg = Debug|Any CPU
		{8B8F88AB-6D6B-4597-BF5D-E34070CCF6A0}.Debug|Any CPU.Build.0 = Debug|Any CPU
		{8B8F88AB-6D6B-4597-BF5D-E34070CCF6A0}.Release|Any CPU.ActiveCfg = Release|Any CPU
		{8B8F88AB-6D6B-4597-BF5D-E34070CCF6A0}.Release|Any CPU.Build.0 = Release|Any CPU
		{21954EE0-5A4C-42A9-9FC5-7FF04FC336BF}.Debug|Any CPU.ActiveCfg = Debug|Any CPU
		{21954EE0-5A4C-42A9-9FC5-7FF04FC336BF}.Debug|Any CPU.Build.0 = Debug|Any CPU
		{21954EE0-5A4C-42A9-9FC5-7FF04FC336BF}.Release|Any CPU.ActiveCfg = Release|Any CPU
		{21954EE0-5A4C-42A9-9FC5-7FF04FC336BF}.Release|Any CPU.Build.0 = Release|Any CPU
		{0A33C00F-D316-4E62-9A98-FBD87944993D}.Debug|Any CPU.ActiveCfg = Debug|Any CPU
		{0A33C00F-D316-4E62-9A98-FBD87944993D}.Debug|Any CPU.Build.0 = Debug|Any CPU
		{0A33C00F-D316-4E62-9A98-FBD87944993D}.Release|Any CPU.ActiveCfg = Release|Any CPU
		{0A33C00F-D316-4E62-9A98-FBD87944993D}.Release|Any CPU.Build.0 = Release|Any CPU
		{239BF125-C9DF-4201-98F3-CBEB89A844E3}.Debug|Any CPU.ActiveCfg = Debug|Any CPU
		{239BF125-C9DF-4201-98F3-CBEB89A844E3}.Debug|Any CPU.Build.0 = Debug|Any CPU
		{239BF125-C9DF-4201-98F3-CBEB89A844E3}.Release|Any CPU.ActiveCfg = Release|Any CPU
		{239BF125-C9DF-4201-98F3-CBEB89A844E3}.Release|Any CPU.Build.0 = Release|Any CPU
		{30CE81EB-4515-42E0-9B21-EBF3E874136A}.Debug|Any CPU.ActiveCfg = Debug|Any CPU
		{30CE81EB-4515-42E0-9B21-EBF3E874136A}.Debug|Any CPU.Build.0 = Debug|Any CPU
		{30CE81EB-4515-42E0-9B21-EBF3E874136A}.Release|Any CPU.ActiveCfg = Release|Any CPU
		{30CE81EB-4515-42E0-9B21-EBF3E874136A}.Release|Any CPU.Build.0 = Release|Any CPU
		{8933610B-750C-49E2-9158-039DF14029F8}.Debug|Any CPU.ActiveCfg = Debug|Any CPU
		{8933610B-750C-49E2-9158-039DF14029F8}.Debug|Any CPU.Build.0 = Debug|Any CPU
		{8933610B-750C-49E2-9158-039DF14029F8}.Release|Any CPU.ActiveCfg = Release|Any CPU
		{8933610B-750C-49E2-9158-039DF14029F8}.Release|Any CPU.Build.0 = Release|Any CPU
		{611E4202-4377-4004-9B7A-9338440A1C7A}.Debug|Any CPU.ActiveCfg = Debug|Any CPU
		{611E4202-4377-4004-9B7A-9338440A1C7A}.Debug|Any CPU.Build.0 = Debug|Any CPU
		{611E4202-4377-4004-9B7A-9338440A1C7A}.Release|Any CPU.ActiveCfg = Release|Any CPU
		{611E4202-4377-4004-9B7A-9338440A1C7A}.Release|Any CPU.Build.0 = Release|Any CPU
		{7FFEBB0E-8AAA-4B96-BAA6-DF9A061AC6CA}.Debug|Any CPU.ActiveCfg = Debug|Any CPU
		{7FFEBB0E-8AAA-4B96-BAA6-DF9A061AC6CA}.Debug|Any CPU.Build.0 = Debug|Any CPU
		{7FFEBB0E-8AAA-4B96-BAA6-DF9A061AC6CA}.Release|Any CPU.ActiveCfg = Release|Any CPU
		{7FFEBB0E-8AAA-4B96-BAA6-DF9A061AC6CA}.Release|Any CPU.Build.0 = Release|Any CPU
		{BE1582AC-49B5-407E-924C-E614AE95743C}.Debug|Any CPU.ActiveCfg = Debug|Any CPU
		{BE1582AC-49B5-407E-924C-E614AE95743C}.Debug|Any CPU.Build.0 = Debug|Any CPU
		{BE1582AC-49B5-407E-924C-E614AE95743C}.Release|Any CPU.ActiveCfg = Release|Any CPU
		{BE1582AC-49B5-407E-924C-E614AE95743C}.Release|Any CPU.Build.0 = Release|Any CPU
		{FBD0D240-2BEC-4AA9-80C2-547D46E244F4}.Debug|Any CPU.ActiveCfg = Debug|Any CPU
		{FBD0D240-2BEC-4AA9-80C2-547D46E244F4}.Debug|Any CPU.Build.0 = Debug|Any CPU
		{FBD0D240-2BEC-4AA9-80C2-547D46E244F4}.Release|Any CPU.ActiveCfg = Release|Any CPU
		{FBD0D240-2BEC-4AA9-80C2-547D46E244F4}.Release|Any CPU.Build.0 = Release|Any CPU
		{AF118F9A-732F-4069-8A33-8DE8863BA06D}.Debug|Any CPU.ActiveCfg = Debug|Any CPU
		{AF118F9A-732F-4069-8A33-8DE8863BA06D}.Debug|Any CPU.Build.0 = Debug|Any CPU
		{AF118F9A-732F-4069-8A33-8DE8863BA06D}.Release|Any CPU.ActiveCfg = Release|Any CPU
		{AF118F9A-732F-4069-8A33-8DE8863BA06D}.Release|Any CPU.Build.0 = Release|Any CPU
		{675121B6-BB22-4117-AAE8-5406A8B88FF5}.Debug|Any CPU.ActiveCfg = Debug|Any CPU
		{675121B6-BB22-4117-AAE8-5406A8B88FF5}.Debug|Any CPU.Build.0 = Debug|Any CPU
		{675121B6-BB22-4117-AAE8-5406A8B88FF5}.Release|Any CPU.ActiveCfg = Release|Any CPU
		{675121B6-BB22-4117-AAE8-5406A8B88FF5}.Release|Any CPU.Build.0 = Release|Any CPU
		{5FED9919-57A8-45C8-883C-1635AF3674AB}.Debug|Any CPU.ActiveCfg = Debug|Any CPU
		{5FED9919-57A8-45C8-883C-1635AF3674AB}.Debug|Any CPU.Build.0 = Debug|Any CPU
		{5FED9919-57A8-45C8-883C-1635AF3674AB}.Release|Any CPU.ActiveCfg = Release|Any CPU
		{5FED9919-57A8-45C8-883C-1635AF3674AB}.Release|Any CPU.Build.0 = Release|Any CPU
		{1E86AC2A-5B4F-44AC-B17E-CEC58094FBA2}.Debug|Any CPU.ActiveCfg = Debug|Any CPU
		{1E86AC2A-5B4F-44AC-B17E-CEC58094FBA2}.Debug|Any CPU.Build.0 = Debug|Any CPU
		{1E86AC2A-5B4F-44AC-B17E-CEC58094FBA2}.Release|Any CPU.ActiveCfg = Release|Any CPU
		{1E86AC2A-5B4F-44AC-B17E-CEC58094FBA2}.Release|Any CPU.Build.0 = Release|Any CPU
		{0E372A8B-0AAF-48AC-AA84-3304553009DB}.Debug|Any CPU.ActiveCfg = Debug|Any CPU
		{0E372A8B-0AAF-48AC-AA84-3304553009DB}.Debug|Any CPU.Build.0 = Debug|Any CPU
		{0E372A8B-0AAF-48AC-AA84-3304553009DB}.Release|Any CPU.ActiveCfg = Release|Any CPU
		{0E372A8B-0AAF-48AC-AA84-3304553009DB}.Release|Any CPU.Build.0 = Release|Any CPU
		{434624A4-FF83-4ACC-9085-DA46BB4C0F44}.Debug|Any CPU.ActiveCfg = Debug|Any CPU
		{434624A4-FF83-4ACC-9085-DA46BB4C0F44}.Debug|Any CPU.Build.0 = Debug|Any CPU
		{434624A4-FF83-4ACC-9085-DA46BB4C0F44}.Release|Any CPU.ActiveCfg = Release|Any CPU
		{434624A4-FF83-4ACC-9085-DA46BB4C0F44}.Release|Any CPU.Build.0 = Release|Any CPU
		{E186947D-A54E-4AD3-8026-E8E1354B0B3E}.Debug|Any CPU.ActiveCfg = Debug|Any CPU
		{E186947D-A54E-4AD3-8026-E8E1354B0B3E}.Debug|Any CPU.Build.0 = Debug|Any CPU
		{E186947D-A54E-4AD3-8026-E8E1354B0B3E}.Release|Any CPU.ActiveCfg = Release|Any CPU
		{E186947D-A54E-4AD3-8026-E8E1354B0B3E}.Release|Any CPU.Build.0 = Release|Any CPU
	EndGlobalSection
	GlobalSection(SolutionProperties) = preSolution
		HideSolutionNode = FALSE
	EndGlobalSection
	GlobalSection(NestedProjects) = preSolution
		{C868290E-2A68-44DA-935D-FD8E0CCEA05A} = {9EF98734-69A5-4656-9D31-D08006427CC9}
		{AC3E3A92-1FFC-4DCD-8D85-38BACAECEA49} = {9EF98734-69A5-4656-9D31-D08006427CC9}
		{8580D245-10BA-4A16-8A76-8E19FD3B5402} = {9EF98734-69A5-4656-9D31-D08006427CC9}
		{34CE84DF-1331-445B-AF62-1CECDE87D688} = {9EF98734-69A5-4656-9D31-D08006427CC9}
		{669B5511-FB4A-4075-A3A5-179D9D689840} = {9EF98734-69A5-4656-9D31-D08006427CC9}
		{2AEFCB64-99EC-42CB-9C5D-4AF00F28E6BC} = {9EF98734-69A5-4656-9D31-D08006427CC9}
		{79920B6A-B4F5-4B6B-9887-FF43818476C3} = {9EF98734-69A5-4656-9D31-D08006427CC9}
		{094CB36A-64F6-43D9-8D6E-CEC6B8817038} = {9EF98734-69A5-4656-9D31-D08006427CC9}
		{6976B3F8-2CD8-4D2F-B530-74E4C8AB4580} = {9EF98734-69A5-4656-9D31-D08006427CC9}
		{2D3763D0-0777-47C6-BCCD-8043571EE987} = {9EF98734-69A5-4656-9D31-D08006427CC9}
		{A3DE0945-74C7-4736-9384-55A7B2CD16CB} = {9EF98734-69A5-4656-9D31-D08006427CC9}
		{1686BB17-F4DC-47A1-BD9C-27D5535256A5} = {9EF98734-69A5-4656-9D31-D08006427CC9}
		{8B8F88AB-6D6B-4597-BF5D-E34070CCF6A0} = {9EF98734-69A5-4656-9D31-D08006427CC9}
		{21954EE0-5A4C-42A9-9FC5-7FF04FC336BF} = {9EF98734-69A5-4656-9D31-D08006427CC9}
		{0A33C00F-D316-4E62-9A98-FBD87944993D} = {9EF98734-69A5-4656-9D31-D08006427CC9}
		{239BF125-C9DF-4201-98F3-CBEB89A844E3} = {9EF98734-69A5-4656-9D31-D08006427CC9}
		{30CE81EB-4515-42E0-9B21-EBF3E874136A} = {9EF98734-69A5-4656-9D31-D08006427CC9}
		{8933610B-750C-49E2-9158-039DF14029F8} = {9EF98734-69A5-4656-9D31-D08006427CC9}
		{611E4202-4377-4004-9B7A-9338440A1C7A} = {9EF98734-69A5-4656-9D31-D08006427CC9}
		{7FFEBB0E-8AAA-4B96-BAA6-DF9A061AC6CA} = {9EF98734-69A5-4656-9D31-D08006427CC9}
		{BE1582AC-49B5-407E-924C-E614AE95743C} = {9EF98734-69A5-4656-9D31-D08006427CC9}
		{FBD0D240-2BEC-4AA9-80C2-547D46E244F4} = {9EF98734-69A5-4656-9D31-D08006427CC9}
		{AF118F9A-732F-4069-8A33-8DE8863BA06D} = {9EF98734-69A5-4656-9D31-D08006427CC9}
		{675121B6-BB22-4117-AAE8-5406A8B88FF5} = {9EF98734-69A5-4656-9D31-D08006427CC9}
		{5FED9919-57A8-45C8-883C-1635AF3674AB} = {9EF98734-69A5-4656-9D31-D08006427CC9}
		{1E86AC2A-5B4F-44AC-B17E-CEC58094FBA2} = {9EF98734-69A5-4656-9D31-D08006427CC9}
		{0E372A8B-0AAF-48AC-AA84-3304553009DB} = {114E1EE6-FCC3-42F0-AE1F-9A5115904135}
		{434624A4-FF83-4ACC-9085-DA46BB4C0F44} = {114E1EE6-FCC3-42F0-AE1F-9A5115904135}
		{E186947D-A54E-4AD3-8026-E8E1354B0B3E} = {114E1EE6-FCC3-42F0-AE1F-9A5115904135}
	EndGlobalSection
	GlobalSection(ExtensibilityGlobals) = postSolution
		SolutionGuid = {BFAC6C0E-B75B-461A-A656-14DB05DB30A2}
	EndGlobalSection
EndGlobal
